
Microsoft Visual Studio Solution File, Format Version 11.00
# Visual Studio 2010
Project("{FAE04EC0-301F-11D3-BF4B-00C04F79EFBC}") = "TFSTest", "TFSTest\TFSTest.csproj", "{CE8440AF-AD35-4564-BEF0-3E9BCDDDA4FF}"
EndProject
Project("{FAE04EC0-301F-11D3-BF4B-00C04F79EFBC}") = "TFSTest.Tests", "TFSTest.Tests\TFSTest.Tests.csproj", "{72091EEE-1525-48C4-A81D-110B6547E7B8}"
EndProject
Global
	GlobalSection(TeamFoundationVersionControl) = preSolution
		SccNumberOfProjects = 3
		SccEnterpriseProvider = {4CA58AB2-18FA-4F8D-95D4-32DDF27D184C}
		SccTeamFoundationServer = https://estebanasla.visualstudio.com/defaultcollection
		SccLocalPath0 = .
		SccProjectUniqueName1 = TFSTest\\TFSTest.csproj
		SccProjectName1 = TFSTest
		SccLocalPath1 = TFSTest
		SccProjectUniqueName2 = TFSTest.Tests\\TFSTest.Tests.csproj
		SccProjectName2 = TFSTest.Tests
		SccLocalPath2 = TFSTest.Tests
	EndGlobalSection
	GlobalSection(SolutionConfigurationPlatforms) = preSolution
		Debug|Any CPU = Debug|Any CPU
		Release|Any CPU = Release|Any CPU
	EndGlobalSection
	GlobalSection(ProjectConfigurationPlatforms) = postSolution
		{CE8440AF-AD35-4564-BEF0-3E9BCDDDA4FF}.Debug|Any CPU.ActiveCfg = Debug|Any CPU
		{CE8440AF-AD35-4564-BEF0-3E9BCDDDA4FF}.Debug|Any CPU.Build.0 = Debug|Any CPU
		{CE8440AF-AD35-4564-BEF0-3E9BCDDDA4FF}.Release|Any CPU.ActiveCfg = Release|Any CPU
		{CE8440AF-AD35-4564-BEF0-3E9BCDDDA4FF}.Release|Any CPU.Build.0 = Release|Any CPU
		{72091EEE-1525-48C4-A81D-110B6547E7B8}.Debug|Any CPU.ActiveCfg = Debug|Any CPU
		{72091EEE-1525-48C4-A81D-110B6547E7B8}.Debug|Any CPU.Build.0 = Debug|Any CPU
		{72091EEE-1525-48C4-A81D-110B6547E7B8}.Release|Any CPU.ActiveCfg = Release|Any CPU
		{72091EEE-1525-48C4-A81D-110B6547E7B8}.Release|Any CPU.Build.0 = Release|Any CPU
	EndGlobalSection
	GlobalSection(SolutionProperties) = preSolution
		HideSolutionNode = FALSE
	EndGlobalSection
EndGlobal
